// !$*UTF8*$!
{
	archiveVersion = 1;
	classes = {
	};
	objectVersion = 51;
	objects = {

/* Begin PBXBuildFile section */
		21488C5A249B480700DF7564 /* AppDelegate.swift in Sources */ = {isa = PBXBuildFile; fileRef = 21488C59249B480700DF7564 /* AppDelegate.swift */; };
		21488C5C249B480700DF7564 /* SceneDelegate.swift in Sources */ = {isa = PBXBuildFile; fileRef = 21488C5B249B480700DF7564 /* SceneDelegate.swift */; };
		21488C5E249B480700DF7564 /* TrendingFeedViewController.swift in Sources */ = {isa = PBXBuildFile; fileRef = 21488C5D249B480700DF7564 /* TrendingFeedViewController.swift */; };
		21488C61249B480700DF7564 /* Main.storyboard in Resources */ = {isa = PBXBuildFile; fileRef = 21488C5F249B480700DF7564 /* Main.storyboard */; };
		21488C63249B480900DF7564 /* Assets.xcassets in Resources */ = {isa = PBXBuildFile; fileRef = 21488C62249B480900DF7564 /* Assets.xcassets */; };
		21488C66249B480900DF7564 /* LaunchScreen.storyboard in Resources */ = {isa = PBXBuildFile; fileRef = 21488C64249B480900DF7564 /* LaunchScreen.storyboard */; };
		21549528249C741000D0621E /* LICENSE.md in Resources */ = {isa = PBXBuildFile; fileRef = 21549527249C741000D0621E /* LICENSE.md */; };
		2154952A249C7B6900D0621E /* SearchViewController.swift in Sources */ = {isa = PBXBuildFile; fileRef = 21549529249C7B6900D0621E /* SearchViewController.swift */; };
		2154952E249DEA6D00D0621E /* RoundedCornerButton.swift in Sources */ = {isa = PBXBuildFile; fileRef = 2154952D249DEA6D00D0621E /* RoundedCornerButton.swift */; };
		21549530249DEBEE00D0621E /* RoundedBorderTextField.swift in Sources */ = {isa = PBXBuildFile; fileRef = 2154952F249DEBEE00D0621E /* RoundedBorderTextField.swift */; };
		21549532249ED20900D0621E /* RepoModel.swift in Sources */ = {isa = PBXBuildFile; fileRef = 21549531249ED20900D0621E /* RepoModel.swift */; };
		2F745163845480466ECCBF8E /* Pods_GithubSurferApp.framework in Frameworks */ = {isa = PBXBuildFile; fileRef = 010BE3124EB9939861BC65C5 /* Pods_GithubSurferApp.framework */; };
/* End PBXBuildFile section */

/* Begin PBXFileReference section */
		010BE3124EB9939861BC65C5 /* Pods_GithubSurferApp.framework */ = {isa = PBXFileReference; explicitFileType = wrapper.framework; includeInIndex = 0; path = Pods_GithubSurferApp.framework; sourceTree = BUILT_PRODUCTS_DIR; };
		21488C56249B480700DF7564 /* GithubSurferApp.app */ = {isa = PBXFileReference; explicitFileType = wrapper.application; includeInIndex = 0; path = GithubSurferApp.app; sourceTree = BUILT_PRODUCTS_DIR; };
		21488C59249B480700DF7564 /* AppDelegate.swift */ = {isa = PBXFileReference; lastKnownFileType = sourcecode.swift; path = AppDelegate.swift; sourceTree = "<group>"; };
		21488C5B249B480700DF7564 /* SceneDelegate.swift */ = {isa = PBXFileReference; lastKnownFileType = sourcecode.swift; path = SceneDelegate.swift; sourceTree = "<group>"; };
		21488C5D249B480700DF7564 /* TrendingFeedViewController.swift */ = {isa = PBXFileReference; lastKnownFileType = sourcecode.swift; path = TrendingFeedViewController.swift; sourceTree = "<group>"; };
		21488C60249B480700DF7564 /* Base */ = {isa = PBXFileReference; lastKnownFileType = file.storyboard; name = Base; path = Base.lproj/Main.storyboard; sourceTree = "<group>"; };
		21488C62249B480900DF7564 /* Assets.xcassets */ = {isa = PBXFileReference; lastKnownFileType = folder.assetcatalog; path = Assets.xcassets; sourceTree = "<group>"; };
		21488C65249B480900DF7564 /* Base */ = {isa = PBXFileReference; lastKnownFileType = file.storyboard; name = Base; path = Base.lproj/LaunchScreen.storyboard; sourceTree = "<group>"; };
		21488C67249B480900DF7564 /* Info.plist */ = {isa = PBXFileReference; lastKnownFileType = text.plist.xml; path = Info.plist; sourceTree = "<group>"; };
		21549527249C741000D0621E /* LICENSE.md */ = {isa = PBXFileReference; lastKnownFileType = net.daringfireball.markdown; path = LICENSE.md; sourceTree = "<group>"; };
		21549529249C7B6900D0621E /* SearchViewController.swift */ = {isa = PBXFileReference; lastKnownFileType = sourcecode.swift; path = SearchViewController.swift; sourceTree = "<group>"; };
		2154952D249DEA6D00D0621E /* RoundedCornerButton.swift */ = {isa = PBXFileReference; lastKnownFileType = sourcecode.swift; path = RoundedCornerButton.swift; sourceTree = "<group>"; };
		2154952F249DEBEE00D0621E /* RoundedBorderTextField.swift */ = {isa = PBXFileReference; lastKnownFileType = sourcecode.swift; path = RoundedBorderTextField.swift; sourceTree = "<group>"; };
		21549531249ED20900D0621E /* RepoModel.swift */ = {isa = PBXFileReference; lastKnownFileType = sourcecode.swift; path = RepoModel.swift; sourceTree = "<group>"; };
		964656C745E4C26D2B1269AD /* Pods-GithubSurferApp.debug.xcconfig */ = {isa = PBXFileReference; includeInIndex = 1; lastKnownFileType = text.xcconfig; name = "Pods-GithubSurferApp.debug.xcconfig"; path = "Target Support Files/Pods-GithubSurferApp/Pods-GithubSurferApp.debug.xcconfig"; sourceTree = "<group>"; };
		F4B660663062E6E8DA06D0CF /* Pods-GithubSurferApp.release.xcconfig */ = {isa = PBXFileReference; includeInIndex = 1; lastKnownFileType = text.xcconfig; name = "Pods-GithubSurferApp.release.xcconfig"; path = "Target Support Files/Pods-GithubSurferApp/Pods-GithubSurferApp.release.xcconfig"; sourceTree = "<group>"; };
/* End PBXFileReference section */

/* Begin PBXFrameworksBuildPhase section */
		21488C53249B480700DF7564 /* Frameworks */ = {
			isa = PBXFrameworksBuildPhase;
			buildActionMask = 2147483647;
			files = (
				2F745163845480466ECCBF8E /* Pods_GithubSurferApp.framework in Frameworks */,
			);
			runOnlyForDeploymentPostprocessing = 0;
		};
/* End PBXFrameworksBuildPhase section */

/* Begin PBXGroup section */
		21488C4D249B480700DF7564 = {
			isa = PBXGroup;
			children = (
				21549527249C741000D0621E /* LICENSE.md */,
				21488C58249B480700DF7564 /* GithubSurferApp */,
				21488C57249B480700DF7564 /* Products */,
				F8EE3695B40EFFA4F453263C /* Pods */,
				4A2494F550845D878DD8BEC1 /* Frameworks */,
			);
			sourceTree = "<group>";
		};
		21488C57249B480700DF7564 /* Products */ = {
			isa = PBXGroup;
			children = (
				21488C56249B480700DF7564 /* GithubSurferApp.app */,
			);
			name = Products;
			sourceTree = "<group>";
		};
		21488C58249B480700DF7564 /* GithubSurferApp */ = {
			isa = PBXGroup;
			children = (
				21549524249C6E3600D0621E /* Model */,
				21549526249C6E5000D0621E /* View */,
				21549525249C6E4400D0621E /* Controller */,
				21488C59249B480700DF7564 /* AppDelegate.swift */,
				21488C5B249B480700DF7564 /* SceneDelegate.swift */,
				21488C62249B480900DF7564 /* Assets.xcassets */,
				21488C64249B480900DF7564 /* LaunchScreen.storyboard */,
				21488C67249B480900DF7564 /* Info.plist */,
			);
			path = GithubSurferApp;
			sourceTree = "<group>";
		};
		21549524249C6E3600D0621E /* Model */ = {
			isa = PBXGroup;
			children = (
				21549531249ED20900D0621E /* RepoModel.swift */,
			);
			path = Model;
			sourceTree = "<group>";
		};
		21549525249C6E4400D0621E /* Controller */ = {
			isa = PBXGroup;
			children = (
				21488C5D249B480700DF7564 /* TrendingFeedViewController.swift */,
				21549529249C7B6900D0621E /* SearchViewController.swift */,
			);
			path = Controller;
			sourceTree = "<group>";
		};
		21549526249C6E5000D0621E /* View */ = {
			isa = PBXGroup;
			children = (
				21488C5F249B480700DF7564 /* Main.storyboard */,
				2154952F249DEBEE00D0621E /* RoundedBorderTextField.swift */,
				2154952D249DEA6D00D0621E /* RoundedCornerButton.swift */,
			);
			path = View;
			sourceTree = "<group>";
		};
		4A2494F550845D878DD8BEC1 /* Frameworks */ = {
			isa = PBXGroup;
			children = (
				010BE3124EB9939861BC65C5 /* Pods_GithubSurferApp.framework */,
			);
			name = Frameworks;
			sourceTree = "<group>";
		};
		F8EE3695B40EFFA4F453263C /* Pods */ = {
			isa = PBXGroup;
			children = (
				964656C745E4C26D2B1269AD /* Pods-GithubSurferApp.debug.xcconfig */,
				F4B660663062E6E8DA06D0CF /* Pods-GithubSurferApp.release.xcconfig */,
			);
			path = Pods;
			sourceTree = "<group>";
		};
/* End PBXGroup section */

/* Begin PBXNativeTarget section */
		21488C55249B480700DF7564 /* GithubSurferApp */ = {
			isa = PBXNativeTarget;
			buildConfigurationList = 21488C6A249B480900DF7564 /* Build configuration list for PBXNativeTarget "GithubSurferApp" */;
			buildPhases = (
				9E155215ADC8AE8B12562937 /* [CP] Check Pods Manifest.lock */,
				21488C52249B480700DF7564 /* Sources */,
				21488C53249B480700DF7564 /* Frameworks */,
				21488C54249B480700DF7564 /* Resources */,
				F9017542032D9748ECCA5E82 /* [CP] Embed Pods Frameworks */,
			);
			buildRules = (
			);
			dependencies = (
			);
			name = GithubSurferApp;
			productName = GithubSurferApp;
			productReference = 21488C56249B480700DF7564 /* GithubSurferApp.app */;
			productType = "com.apple.product-type.application";
		};
/* End PBXNativeTarget section */

/* Begin PBXProject section */
		21488C4E249B480700DF7564 /* Project object */ = {
			isa = PBXProject;
			attributes = {
				LastSwiftUpdateCheck = 1150;
				LastUpgradeCheck = 1150;
				ORGANIZATIONNAME = "Anton Veldanov";
				TargetAttributes = {
					21488C55249B480700DF7564 = {
						CreatedOnToolsVersion = 11.5;
					};
				};
			};
			buildConfigurationList = 21488C51249B480700DF7564 /* Build configuration list for PBXProject "GithubSurferApp" */;
			compatibilityVersion = "Xcode 9.3";
			developmentRegion = en;
			hasScannedForEncodings = 0;
			knownRegions = (
				en,
				Base,
			);
			mainGroup = 21488C4D249B480700DF7564;
			productRefGroup = 21488C57249B480700DF7564 /* Products */;
			projectDirPath = "";
			projectRoot = "";
			targets = (
				21488C55249B480700DF7564 /* GithubSurferApp */,
			);
		};
/* End PBXProject section */

/* Begin PBXResourcesBuildPhase section */
		21488C54249B480700DF7564 /* Resources */ = {
			isa = PBXResourcesBuildPhase;
			buildActionMask = 2147483647;
			files = (
				21549528249C741000D0621E /* LICENSE.md in Resources */,
				21488C66249B480900DF7564 /* LaunchScreen.storyboard in Resources */,
				21488C63249B480900DF7564 /* Assets.xcassets in Resources */,
				21488C61249B480700DF7564 /* Main.storyboard in Resources */,
			);
			runOnlyForDeploymentPostprocessing = 0;
		};
/* End PBXResourcesBuildPhase section */

/* Begin PBXShellScriptBuildPhase section */
		9E155215ADC8AE8B12562937 /* [CP] Check Pods Manifest.lock */ = {
			isa = PBXShellScriptBuildPhase;
			buildActionMask = 2147483647;
			files = (
			);
			inputFileListPaths = (
			);
			inputPaths = (
				"${PODS_PODFILE_DIR_PATH}/Podfile.lock",
				"${PODS_ROOT}/Manifest.lock",
			);
			name = "[CP] Check Pods Manifest.lock";
			outputFileListPaths = (
			);
			outputPaths = (
				"$(DERIVED_FILE_DIR)/Pods-GithubSurferApp-checkManifestLockResult.txt",
			);
			runOnlyForDeploymentPostprocessing = 0;
			shellPath = /bin/sh;
			shellScript = "diff \"${PODS_PODFILE_DIR_PATH}/Podfile.lock\" \"${PODS_ROOT}/Manifest.lock\" > /dev/null\nif [ $? != 0 ] ; then\n    # print error to STDERR\n    echo \"error: The sandbox is not in sync with the Podfile.lock. Run 'pod install' or update your CocoaPods installation.\" >&2\n    exit 1\nfi\n# This output is used by Xcode 'outputs' to avoid re-running this script phase.\necho \"SUCCESS\" > \"${SCRIPT_OUTPUT_FILE_0}\"\n";
			showEnvVarsInLog = 0;
		};
		F9017542032D9748ECCA5E82 /* [CP] Embed Pods Frameworks */ = {
			isa = PBXShellScriptBuildPhase;
			buildActionMask = 2147483647;
			files = (
			);
			inputFileListPaths = (
				"${PODS_ROOT}/Target Support Files/Pods-GithubSurferApp/Pods-GithubSurferApp-frameworks-${CONFIGURATION}-input-files.xcfilelist",
			);
			name = "[CP] Embed Pods Frameworks";
			outputFileListPaths = (
				"${PODS_ROOT}/Target Support Files/Pods-GithubSurferApp/Pods-GithubSurferApp-frameworks-${CONFIGURATION}-output-files.xcfilelist",
			);
			runOnlyForDeploymentPostprocessing = 0;
			shellPath = /bin/sh;
			shellScript = "\"${PODS_ROOT}/Target Support Files/Pods-GithubSurferApp/Pods-GithubSurferApp-frameworks.sh\"\n";
			showEnvVarsInLog = 0;
		};
/* End PBXShellScriptBuildPhase section */

/* Begin PBXSourcesBuildPhase section */
		21488C52249B480700DF7564 /* Sources */ = {
			isa = PBXSourcesBuildPhase;
			buildActionMask = 2147483647;
			files = (
				21488C5E249B480700DF7564 /* TrendingFeedViewController.swift in Sources */,
				21549532249ED20900D0621E /* RepoModel.swift in Sources */,
				21549530249DEBEE00D0621E /* RoundedBorderTextField.swift in Sources */,
				21488C5A249B480700DF7564 /* AppDelegate.swift in Sources */,
				2154952A249C7B6900D0621E /* SearchViewController.swift in Sources */,
				2154952E249DEA6D00D0621E /* RoundedCornerButton.swift in Sources */,
				21488C5C249B480700DF7564 /* SceneDelegate.swift in Sources */,
			);
			runOnlyForDeploymentPostprocessing = 0;
		};
/* End PBXSourcesBuildPhase section */

/* Begin PBXVariantGroup section */
		21488C5F249B480700DF7564 /* Main.storyboard */ = {
			isa = PBXVariantGroup;
			children = (
				21488C60249B480700DF7564 /* Base */,
			);
			name = Main.storyboard;
			sourceTree = "<group>";
		};
		21488C64249B480900DF7564 /* LaunchScreen.storyboard */ = {
			isa = PBXVariantGroup;
			children = (
				21488C65249B480900DF7564 /* Base */,
			);
			name = LaunchScreen.storyboard;
			sourceTree = "<group>";
		};
/* End PBXVariantGroup section */

/* Begin XCBuildConfiguration section */
		21488C68249B480900DF7564 /* Debug */ = {
			isa = XCBuildConfiguration;
			buildSettings = {
				ALWAYS_SEARCH_USER_PATHS = NO;
				CLANG_ANALYZER_NONNULL = YES;
				CLANG_ANALYZER_NUMBER_OBJECT_CONVERSION = YES_AGGRESSIVE;
				CLANG_CXX_LANGUAGE_STANDARD = "gnu++14";
				CLANG_CXX_LIBRARY = "libc++";
				CLANG_ENABLE_MODULES = YES;
				CLANG_ENABLE_OBJC_ARC = YES;
				CLANG_ENABLE_OBJC_WEAK = YES;
				CLANG_WARN_BLOCK_CAPTURE_AUTORELEASING = YES;
				CLANG_WARN_BOOL_CONVERSION = YES;
				CLANG_WARN_COMMA = YES;
				CLANG_WARN_CONSTANT_CONVERSION = YES;
				CLANG_WARN_DEPRECATED_OBJC_IMPLEMENTATIONS = YES;
				CLANG_WARN_DIRECT_OBJC_ISA_USAGE = YES_ERROR;
				CLANG_WARN_DOCUMENTATION_COMMENTS = YES;
				CLANG_WARN_EMPTY_BODY = YES;
				CLANG_WARN_ENUM_CONVERSION = YES;
				CLANG_WARN_INFINITE_RECURSION = YES;
				CLANG_WARN_INT_CONVERSION = YES;
				CLANG_WARN_NON_LITERAL_NULL_CONVERSION = YES;
				CLANG_WARN_OBJC_IMPLICIT_RETAIN_SELF = YES;
				CLANG_WARN_OBJC_LITERAL_CONVERSION = YES;
				CLANG_WARN_OBJC_ROOT_CLASS = YES_ERROR;
				CLANG_WARN_RANGE_LOOP_ANALYSIS = YES;
				CLANG_WARN_STRICT_PROTOTYPES = YES;
				CLANG_WARN_SUSPICIOUS_MOVE = YES;
				CLANG_WARN_UNGUARDED_AVAILABILITY = YES_AGGRESSIVE;
				CLANG_WARN_UNREACHABLE_CODE = YES;
				CLANG_WARN__DUPLICATE_METHOD_MATCH = YES;
				COPY_PHASE_STRIP = NO;
				DEBUG_INFORMATION_FORMAT = dwarf;
				ENABLE_STRICT_OBJC_MSGSEND = YES;
				ENABLE_TESTABILITY = YES;
				GCC_C_LANGUAGE_STANDARD = gnu11;
				GCC_DYNAMIC_NO_PIC = NO;
				GCC_NO_COMMON_BLOCKS = YES;
				GCC_OPTIMIZATION_LEVEL = 0;
				GCC_PREPROCESSOR_DEFINITIONS = (
					"DEBUG=1",
					"$(inherited)",
				);
				GCC_WARN_64_TO_32_BIT_CONVERSION = YES;
				GCC_WARN_ABOUT_RETURN_TYPE = YES_ERROR;
				GCC_WARN_UNDECLARED_SELECTOR = YES;
				GCC_WARN_UNINITIALIZED_AUTOS = YES_AGGRESSIVE;
				GCC_WARN_UNUSED_FUNCTION = YES;
				GCC_WARN_UNUSED_VARIABLE = YES;
				IPHONEOS_DEPLOYMENT_TARGET = 13.5;
				MTL_ENABLE_DEBUG_INFO = INCLUDE_SOURCE;
				MTL_FAST_MATH = YES;
				ONLY_ACTIVE_ARCH = YES;
				SDKROOT = iphoneos;
				SWIFT_ACTIVE_COMPILATION_CONDITIONS = DEBUG;
				SWIFT_OPTIMIZATION_LEVEL = "-Onone";
			};
			name = Debug;
		};
		21488C69249B480900DF7564 /* Release */ = {
			isa = XCBuildConfiguration;
			buildSettings = {
				ALWAYS_SEARCH_USER_PATHS = NO;
				CLANG_ANALYZER_NONNULL = YES;
				CLANG_ANALYZER_NUMBER_OBJECT_CONVERSION = YES_AGGRESSIVE;
				CLANG_CXX_LANGUAGE_STANDARD = "gnu++14";
				CLANG_CXX_LIBRARY = "libc++";
				CLANG_ENABLE_MODULES = YES;
				CLANG_ENABLE_OBJC_ARC = YES;
				CLANG_ENABLE_OBJC_WEAK = YES;
				CLANG_WARN_BLOCK_CAPTURE_AUTORELEASING = YES;
				CLANG_WARN_BOOL_CONVERSION = YES;
				CLANG_WARN_COMMA = YES;
				CLANG_WARN_CONSTANT_CONVERSION = YES;
				CLANG_WARN_DEPRECATED_OBJC_IMPLEMENTATIONS = YES;
				CLANG_WARN_DIRECT_OBJC_ISA_USAGE = YES_ERROR;
				CLANG_WARN_DOCUMENTATION_COMMENTS = YES;
				CLANG_WARN_EMPTY_BODY = YES;
				CLANG_WARN_ENUM_CONVERSION = YES;
				CLANG_WARN_INFINITE_RECURSION = YES;
				CLANG_WARN_INT_CONVERSION = YES;
				CLANG_WARN_NON_LITERAL_NULL_CONVERSION = YES;
				CLANG_WARN_OBJC_IMPLICIT_RETAIN_SELF = YES;
				CLANG_WARN_OBJC_LITERAL_CONVERSION = YES;
				CLANG_WARN_OBJC_ROOT_CLASS = YES_ERROR;
				CLANG_WARN_RANGE_LOOP_ANALYSIS = YES;
				CLANG_WARN_STRICT_PROTOTYPES = YES;
				CLANG_WARN_SUSPICIOUS_MOVE = YES;
				CLANG_WARN_UNGUARDED_AVAILABILITY = YES_AGGRESSIVE;
				CLANG_WARN_UNREACHABLE_CODE = YES;
				CLANG_WARN__DUPLICATE_METHOD_MATCH = YES;
				COPY_PHASE_STRIP = NO;
				DEBUG_INFORMATION_FORMAT = "dwarf-with-dsym";
				ENABLE_NS_ASSERTIONS = NO;
				ENABLE_STRICT_OBJC_MSGSEND = YES;
				GCC_C_LANGUAGE_STANDARD = gnu11;
				GCC_NO_COMMON_BLOCKS = YES;
				GCC_WARN_64_TO_32_BIT_CONVERSION = YES;
				GCC_WARN_ABOUT_RETURN_TYPE = YES_ERROR;
				GCC_WARN_UNDECLARED_SELECTOR = YES;
				GCC_WARN_UNINITIALIZED_AUTOS = YES_AGGRESSIVE;
				GCC_WARN_UNUSED_FUNCTION = YES;
				GCC_WARN_UNUSED_VARIABLE = YES;
				IPHONEOS_DEPLOYMENT_TARGET = 13.5;
				MTL_ENABLE_DEBUG_INFO = NO;
				MTL_FAST_MATH = YES;
				SDKROOT = iphoneos;
				SWIFT_COMPILATION_MODE = wholemodule;
				SWIFT_OPTIMIZATION_LEVEL = "-O";
				VALIDATE_PRODUCT = YES;
			};
			name = Release;
		};
		21488C6B249B480900DF7564 /* Debug */ = {
			isa = XCBuildConfiguration;
			baseConfigurationReference = 964656C745E4C26D2B1269AD /* Pods-GithubSurferApp.debug.xcconfig */;
			buildSettings = {
				ASSETCATALOG_COMPILER_APPICON_NAME = AppIcon;
				CODE_SIGN_STYLE = Automatic;
				DEVELOPMENT_TEAM = QLJ84Q3ZSY;
				INFOPLIST_FILE = GithubSurferApp/Info.plist;
				LD_RUNPATH_SEARCH_PATHS = (
					"$(inherited)",
					"@executable_path/Frameworks",
				);
				PRODUCT_BUNDLE_IDENTIFIER = com.aveldanov.GithubSurferApp;
				PRODUCT_NAME = "$(TARGET_NAME)";
				SWIFT_VERSION = 5.0;
				TARGETED_DEVICE_FAMILY = "1,2";
			};
			name = Debug;
		};
		21488C6C249B480900DF7564 /* Release */ = {
			isa = XCBuildConfiguration;
			baseConfigurationReference = F4B660663062E6E8DA06D0CF /* Pods-GithubSurferApp.release.xcconfig */;
			buildSettings = {
				ASSETCATALOG_COMPILER_APPICON_NAME = AppIcon;
				CODE_SIGN_STYLE = Automatic;
				DEVELOPMENT_TEAM = QLJ84Q3ZSY;
				INFOPLIST_FILE = GithubSurferApp/Info.plist;
				LD_RUNPATH_SEARCH_PATHS = (
					"$(inherited)",
					"@executable_path/Frameworks",
				);
				PRODUCT_BUNDLE_IDENTIFIER = com.aveldanov.GithubSurferApp;
				PRODUCT_NAME = "$(TARGET_NAME)";
				SWIFT_VERSION = 5.0;
				TARGETED_DEVICE_FAMILY = "1,2";
			};
			name = Release;
		};
/* End XCBuildConfiguration section */

/* Begin XCConfigurationList section */
		21488C51249B480700DF7564 /* Build configuration list for PBXProject "GithubSurferApp" */ = {
			isa = XCConfigurationList;
			buildConfigurations = (
				21488C68249B480900DF7564 /* Debug */,
				21488C69249B480900DF7564 /* Release */,
			);
			defaultConfigurationIsVisible = 0;
			defaultConfigurationName = Release;
		};
		21488C6A249B480900DF7564 /* Build configuration list for PBXNativeTarget "GithubSurferApp" */ = {
			isa = XCConfigurationList;
			buildConfigurations = (
				21488C6B249B480900DF7564 /* Debug */,
				21488C6C249B480900DF7564 /* Release */,
			);
			defaultConfigurationIsVisible = 0;
			defaultConfigurationName = Release;
		};
/* End XCConfigurationList section */
	};
	rootObject = 21488C4E249B480700DF7564 /* Project object */;
}
